
Microsoft Visual Studio Solution File, Format Version 12.00
# Visual Studio 2013
VisualStudioVersion = 12.0.31101.0
MinimumVisualStudioVersion = 10.0.40219.1
Project("{FAE04EC0-301F-11D3-BF4B-00C04F79EFBC}") = "TestYml", "TestYml\TestYml.csproj", "{AA1F98A8-CF60-400A-B637-CB8AAEFAFD79}"
EndProject
Project("{FAE04EC0-301F-11D3-BF4B-00C04F79EFBC}") = "TestYml.Tests", "TestYml.Tests\TestYml.Tests.csproj", "{73A7F737-AFD5-417A-91AF-B80B7FADA19C}"
EndProject
Project("{2150E333-8FDC-42A3-9474-1A3956D46DE8}") = ".nuget", ".nuget", "{2029CDBF-D3F5-45D2-BCDB-D55FE1142E89}"
	ProjectSection(SolutionItems) = preProject
		.nuget\NuGet.Config = .nuget\NuGet.Config
		.nuget\NuGet.exe = .nuget\NuGet.exe
		.nuget\NuGet.targets = .nuget\NuGet.targets
	EndProjectSection
EndProject
Global
	GlobalSection(SolutionConfigurationPlatforms) = preSolution
		Debug|Any CPU = Debug|Any CPU
		Release|Any CPU = Release|Any CPU
	EndGlobalSection
	GlobalSection(ProjectConfigurationPlatforms) = postSolution
		{AA1F98A8-CF60-400A-B637-CB8AAEFAFD79}.Debug|Any CPU.ActiveCfg = Debug|Any CPU
		{AA1F98A8-CF60-400A-B637-CB8AAEFAFD79}.Debug|Any CPU.Build.0 = Debug|Any CPU
		{AA1F98A8-CF60-400A-B637-CB8AAEFAFD79}.Release|Any CPU.ActiveCfg = Release|Any CPU
		{AA1F98A8-CF60-400A-B637-CB8AAEFAFD79}.Release|Any CPU.Build.0 = Release|Any CPU
		{73A7F737-AFD5-417A-91AF-B80B7FADA19C}.Debug|Any CPU.ActiveCfg = Debug|Any CPU
		{73A7F737-AFD5-417A-91AF-B80B7FADA19C}.Debug|Any CPU.Build.0 = Debug|Any CPU
		{73A7F737-AFD5-417A-91AF-B80B7FADA19C}.Release|Any CPU.ActiveCfg = Release|Any CPU
		{73A7F737-AFD5-417A-91AF-B80B7FADA19C}.Release|Any CPU.Build.0 = Release|Any CPU
	EndGlobalSection
	GlobalSection(SolutionProperties) = preSolution
		HideSolutionNode = FALSE
	EndGlobalSection
EndGlobal
